// !$*UTF8*$!
{
	archiveVersion = 1;
	classes = {
	};
	objectVersion = 50;
	objects = {

/* Begin PBXBuildFile section */
		0592DBE1A1E4C4A3948130AB /* libPods-vos_ios.a in Frameworks */ = {isa = PBXBuildFile; fileRef = EB27019FB13F5D80AFD24517 /* libPods-vos_ios.a */; };
		361342F623FD1F6800418F38 /* dextr.pt in Resources */ = {isa = PBXBuildFile; fileRef = 361342F523FD1F6800418F38 /* dextr.pt */; };
		363DEE1F23FA36300053E756 /* AppDelegate.swift in Sources */ = {isa = PBXBuildFile; fileRef = 363DEE1E23FA36300053E756 /* AppDelegate.swift */; };
		363DEE2123FA36300053E756 /* SceneDelegate.swift in Sources */ = {isa = PBXBuildFile; fileRef = 363DEE2023FA36300053E756 /* SceneDelegate.swift */; };
		363DEE2623FA36300053E756 /* Main.storyboard in Resources */ = {isa = PBXBuildFile; fileRef = 363DEE2423FA36300053E756 /* Main.storyboard */; };
		363DEE2823FA36370053E756 /* Assets.xcassets in Resources */ = {isa = PBXBuildFile; fileRef = 363DEE2723FA36370053E756 /* Assets.xcassets */; };
		363DEE2B23FA36370053E756 /* LaunchScreen.storyboard in Resources */ = {isa = PBXBuildFile; fileRef = 363DEE2923FA36370053E756 /* LaunchScreen.storyboard */; };
		36E785072415DBD200D2C745 /* EditViewController.swift in Sources */ = {isa = PBXBuildFile; fileRef = 36E785062415DBD200D2C745 /* EditViewController.swift */; };
		36E785092415E13400D2C745 /* VideoScrollView.swift in Sources */ = {isa = PBXBuildFile; fileRef = 36E785082415E13300D2C745 /* VideoScrollView.swift */; };
/* End PBXBuildFile section */

/* Begin PBXFileReference section */
		361342F523FD1F6800418F38 /* dextr.pt */ = {isa = PBXFileReference; lastKnownFileType = file; path = dextr.pt; sourceTree = "<group>"; };
		363DEE1B23FA36300053E756 /* vos_ios.app */ = {isa = PBXFileReference; explicitFileType = wrapper.application; includeInIndex = 0; path = vos_ios.app; sourceTree = BUILT_PRODUCTS_DIR; };
		363DEE1E23FA36300053E756 /* AppDelegate.swift */ = {isa = PBXFileReference; lastKnownFileType = sourcecode.swift; path = AppDelegate.swift; sourceTree = "<group>"; };
		363DEE2023FA36300053E756 /* SceneDelegate.swift */ = {isa = PBXFileReference; lastKnownFileType = sourcecode.swift; path = SceneDelegate.swift; sourceTree = "<group>"; };
		363DEE2223FA36300053E756 /* ViewController.swift */ = {isa = PBXFileReference; lastKnownFileType = sourcecode.swift; path = ViewController.swift; sourceTree = "<group>"; };
		363DEE2523FA36300053E756 /* Base */ = {isa = PBXFileReference; lastKnownFileType = file.storyboard; name = Base; path = Base.lproj/Main.storyboard; sourceTree = "<group>"; };
		363DEE2723FA36370053E756 /* Assets.xcassets */ = {isa = PBXFileReference; lastKnownFileType = folder.assetcatalog; path = Assets.xcassets; sourceTree = "<group>"; };
		363DEE2A23FA36370053E756 /* Base */ = {isa = PBXFileReference; lastKnownFileType = file.storyboard; name = Base; path = Base.lproj/LaunchScreen.storyboard; sourceTree = "<group>"; };
		363DEE2C23FA36370053E756 /* Info.plist */ = {isa = PBXFileReference; lastKnownFileType = text.plist.xml; path = Info.plist; sourceTree = "<group>"; };
		363DEE3223FA366C0053E756 /* DrawPointViewController.swift */ = {isa = PBXFileReference; fileEncoding = 4; lastKnownFileType = sourcecode.swift; path = DrawPointViewController.swift; sourceTree = "<group>"; };
		3676C61F23FC2F8A00F06008 /* CVHelper.h */ = {isa = PBXFileReference; lastKnownFileType = sourcecode.c.h; path = CVHelper.h; sourceTree = "<group>"; };
		3676C62023FC2FA100F06008 /* CVHelper.mm */ = {isa = PBXFileReference; lastKnownFileType = sourcecode.cpp.objcpp; path = CVHelper.mm; sourceTree = "<group>"; };
		3676C62323FC2FF900F06008 /* DEXTR.mm */ = {isa = PBXFileReference; lastKnownFileType = sourcecode.cpp.objcpp; path = DEXTR.mm; sourceTree = "<group>"; };
		3676C62523FC301700F06008 /* DEXTR.h */ = {isa = PBXFileReference; lastKnownFileType = sourcecode.c.h; path = DEXTR.h; sourceTree = "<group>"; };
		36990FD923FABEC500CDE2AB /* vos_ios-Bridging-Header.h */ = {isa = PBXFileReference; lastKnownFileType = sourcecode.c.h; path = "vos_ios-Bridging-Header.h"; sourceTree = "<group>"; };
		36E785062415DBD200D2C745 /* EditViewController.swift */ = {isa = PBXFileReference; lastKnownFileType = sourcecode.swift; path = EditViewController.swift; sourceTree = "<group>"; };
		36E785082415E13300D2C745 /* VideoScrollView.swift */ = {isa = PBXFileReference; lastKnownFileType = sourcecode.swift; path = VideoScrollView.swift; sourceTree = "<group>"; wrapsLines = 1; };
		36E7850A2415F5FF00D2C745 /* video.mp4 */ = {isa = PBXFileReference; lastKnownFileType = file; path = video.mp4; sourceTree = "<group>"; };
		85BB72DA8BDD1E5B6060864B /* Pods-vos_ios.debug.xcconfig */ = {isa = PBXFileReference; includeInIndex = 1; lastKnownFileType = text.xcconfig; name = "Pods-vos_ios.debug.xcconfig"; path = "Pods/Target Support Files/Pods-vos_ios/Pods-vos_ios.debug.xcconfig"; sourceTree = "<group>"; };
		C9979904DB85D131CFFF4CA2 /* Pods-vos_ios.release.xcconfig */ = {isa = PBXFileReference; includeInIndex = 1; lastKnownFileType = text.xcconfig; name = "Pods-vos_ios.release.xcconfig"; path = "Pods/Target Support Files/Pods-vos_ios/Pods-vos_ios.release.xcconfig"; sourceTree = "<group>"; };
		EB27019FB13F5D80AFD24517 /* libPods-vos_ios.a */ = {isa = PBXFileReference; explicitFileType = archive.ar; includeInIndex = 0; path = "libPods-vos_ios.a"; sourceTree = BUILT_PRODUCTS_DIR; };
/* End PBXFileReference section */

/* Begin PBXFrameworksBuildPhase section */
		363DEE1823FA36300053E756 /* Frameworks */ = {
			isa = PBXFrameworksBuildPhase;
			buildActionMask = 2147483647;
			files = (
				0592DBE1A1E4C4A3948130AB /* libPods-vos_ios.a in Frameworks */,
			);
			runOnlyForDeploymentPostprocessing = 0;
		};
/* End PBXFrameworksBuildPhase section */

/* Begin PBXGroup section */
		363DEE1223FA36300053E756 = {
			isa = PBXGroup;
			children = (
				363DEE1D23FA36300053E756 /* vos_ios */,
				363DEE1C23FA36300053E756 /* Products */,
				CF76B9F6BFF12FC7762F1591 /* Pods */,
				8D65C20175989A7168BBF7C3 /* Frameworks */,
			);
			sourceTree = "<group>";
		};
		363DEE1C23FA36300053E756 /* Products */ = {
			isa = PBXGroup;
			children = (
				363DEE1B23FA36300053E756 /* vos_ios.app */,
			);
			name = Products;
			sourceTree = "<group>";
		};
		363DEE1D23FA36300053E756 /* vos_ios */ = {
			isa = PBXGroup;
			children = (
				36E7850524150C9300D2C745 /* ViewController */,
				3676C62223FC2FCC00F06008 /* TorchBridge */,
				3676C61E23FC2F6A00F06008 /* CVBridge */,
				3676C62623FC303000F06008 /* pretrained */,
				363DEE1E23FA36300053E756 /* AppDelegate.swift */,
				363DEE2023FA36300053E756 /* SceneDelegate.swift */,
				36990FD923FABEC500CDE2AB /* vos_ios-Bridging-Header.h */,
				363DEE2723FA36370053E756 /* Assets.xcassets */,
				363DEE2423FA36300053E756 /* Main.storyboard */,
				363DEE2923FA36370053E756 /* LaunchScreen.storyboard */,
				363DEE2C23FA36370053E756 /* Info.plist */,
				36E7850A2415F5FF00D2C745 /* video.mp4 */,
			);
			path = vos_ios;
			sourceTree = "<group>";
		};
		3676C61E23FC2F6A00F06008 /* CVBridge */ = {
			isa = PBXGroup;
			children = (
				3676C61F23FC2F8A00F06008 /* CVHelper.h */,
				3676C62023FC2FA100F06008 /* CVHelper.mm */,
			);
			path = CVBridge;
			sourceTree = "<group>";
		};
		3676C62223FC2FCC00F06008 /* TorchBridge */ = {
			isa = PBXGroup;
			children = (
				3676C62323FC2FF900F06008 /* DEXTR.mm */,
				3676C62523FC301700F06008 /* DEXTR.h */,
			);
			path = TorchBridge;
			sourceTree = "<group>";
		};
		3676C62623FC303000F06008 /* pretrained */ = {
			isa = PBXGroup;
			children = (
				361342F523FD1F6800418F38 /* dextr.pt */,
			);
			path = pretrained;
			sourceTree = "<group>";
		};
		36E7850524150C9300D2C745 /* ViewController */ = {
			isa = PBXGroup;
			children = (
				363DEE2223FA36300053E756 /* ViewController.swift */,
				363DEE3223FA366C0053E756 /* DrawPointViewController.swift */,
				36E785062415DBD200D2C745 /* EditViewController.swift */,
				36E785082415E13300D2C745 /* VideoScrollView.swift */,
			);
			path = ViewController;
			sourceTree = "<group>";
		};
		8D65C20175989A7168BBF7C3 /* Frameworks */ = {
			isa = PBXGroup;
			children = (
				EB27019FB13F5D80AFD24517 /* libPods-vos_ios.a */,
			);
			name = Frameworks;
			sourceTree = "<group>";
		};
		CF76B9F6BFF12FC7762F1591 /* Pods */ = {
			isa = PBXGroup;
			children = (
				85BB72DA8BDD1E5B6060864B /* Pods-vos_ios.debug.xcconfig */,
				C9979904DB85D131CFFF4CA2 /* Pods-vos_ios.release.xcconfig */,
			);
			name = Pods;
			sourceTree = "<group>";
		};
/* End PBXGroup section */

/* Begin PBXNativeTarget section */
		363DEE1A23FA36300053E756 /* vos_ios */ = {
			isa = PBXNativeTarget;
			buildConfigurationList = 363DEE2F23FA36370053E756 /* Build configuration list for PBXNativeTarget "vos_ios" */;
			buildPhases = (
				7AFBE4BA4E7A37AE72993AA8 /* [CP] Check Pods Manifest.lock */,
				363DEE1723FA36300053E756 /* Sources */,
				363DEE1823FA36300053E756 /* Frameworks */,
				363DEE1923FA36300053E756 /* Resources */,
			);
			buildRules = (
			);
			dependencies = (
			);
			name = vos_ios;
			productName = vos_ios;
			productReference = 363DEE1B23FA36300053E756 /* vos_ios.app */;
			productType = "com.apple.product-type.application";
		};
/* End PBXNativeTarget section */

/* Begin PBXProject section */
		363DEE1323FA36300053E756 /* Project object */ = {
			isa = PBXProject;
			attributes = {
				LastSwiftUpdateCheck = 1130;
				LastUpgradeCheck = 1130;
				ORGANIZATIONNAME = weirme;
				TargetAttributes = {
					363DEE1A23FA36300053E756 = {
						CreatedOnToolsVersion = 11.3.1;
						LastSwiftMigration = 1130;
					};
				};
			};
			buildConfigurationList = 363DEE1623FA36300053E756 /* Build configuration list for PBXProject "vos_ios" */;
			compatibilityVersion = "Xcode 9.3";
			developmentRegion = en;
			hasScannedForEncodings = 0;
			knownRegions = (
				en,
				Base,
			);
			mainGroup = 363DEE1223FA36300053E756;
			productRefGroup = 363DEE1C23FA36300053E756 /* Products */;
			projectDirPath = "";
			projectRoot = "";
			targets = (
				363DEE1A23FA36300053E756 /* vos_ios */,
			);
		};
/* End PBXProject section */

/* Begin PBXResourcesBuildPhase section */
		363DEE1923FA36300053E756 /* Resources */ = {
			isa = PBXResourcesBuildPhase;
			buildActionMask = 2147483647;
			files = (
				363DEE2B23FA36370053E756 /* LaunchScreen.storyboard in Resources */,
				361342F623FD1F6800418F38 /* dextr.pt in Resources */,
				363DEE2823FA36370053E756 /* Assets.xcassets in Resources */,
				363DEE2623FA36300053E756 /* Main.storyboard in Resources */,
			);
			runOnlyForDeploymentPostprocessing = 0;
		};
/* End PBXResourcesBuildPhase section */

/* Begin PBXShellScriptBuildPhase section */
		7AFBE4BA4E7A37AE72993AA8 /* [CP] Check Pods Manifest.lock */ = {
			isa = PBXShellScriptBuildPhase;
			buildActionMask = 2147483647;
			files = (
			);
			inputPaths = (
				"${PODS_PODFILE_DIR_PATH}/Podfile.lock",
				"${PODS_ROOT}/Manifest.lock",
			);
			name = "[CP] Check Pods Manifest.lock";
			outputPaths = (
				"$(DERIVED_FILE_DIR)/Pods-vos_ios-checkManifestLockResult.txt",
			);
			runOnlyForDeploymentPostprocessing = 0;
			shellPath = /bin/sh;
			shellScript = "diff \"${PODS_PODFILE_DIR_PATH}/Podfile.lock\" \"${PODS_ROOT}/Manifest.lock\" > /dev/null\nif [ $? != 0 ] ; then\n    # print error to STDERR\n    echo \"error: The sandbox is not in sync with the Podfile.lock. Run 'pod install' or update your CocoaPods installation.\" >&2\n    exit 1\nfi\n# This output is used by Xcode 'outputs' to avoid re-running this script phase.\necho \"SUCCESS\" > \"${SCRIPT_OUTPUT_FILE_0}\"\n";
			showEnvVarsInLog = 0;
		};
/* End PBXShellScriptBuildPhase section */

/* Begin PBXSourcesBuildPhase section */
		363DEE1723FA36300053E756 /* Sources */ = {
			isa = PBXSourcesBuildPhase;
			buildActionMask = 2147483647;
			files = (
				363DEE1F23FA36300053E756 /* AppDelegate.swift in Sources */,
				36E785092415E13400D2C745 /* VideoScrollView.swift in Sources */,
				363DEE2123FA36300053E756 /* SceneDelegate.swift in Sources */,
				36E785072415DBD200D2C745 /* EditViewController.swift in Sources */,
			);
			runOnlyForDeploymentPostprocessing = 0;
		};
/* End PBXSourcesBuildPhase section */

/* Begin PBXVariantGroup section */
		363DEE2423FA36300053E756 /* Main.storyboard */ = {
			isa = PBXVariantGroup;
			children = (
				363DEE2523FA36300053E756 /* Base */,
			);
			name = Main.storyboard;
			sourceTree = "<group>";
		};
		363DEE2923FA36370053E756 /* LaunchScreen.storyboard */ = {
			isa = PBXVariantGroup;
			children = (
				363DEE2A23FA36370053E756 /* Base */,
			);
			name = LaunchScreen.storyboard;
			sourceTree = "<group>";
		};
/* End PBXVariantGroup section */

/* Begin XCBuildConfiguration section */
		363DEE2D23FA36370053E756 /* Debug */ = {
			isa = XCBuildConfiguration;
			buildSettings = {
				ALWAYS_SEARCH_USER_PATHS = NO;
				CLANG_ANALYZER_NONNULL = YES;
				CLANG_ANALYZER_NUMBER_OBJECT_CONVERSION = YES_AGGRESSIVE;
				CLANG_CXX_LANGUAGE_STANDARD = "gnu++14";
				CLANG_CXX_LIBRARY = "libc++";
				CLANG_ENABLE_MODULES = YES;
				CLANG_ENABLE_OBJC_ARC = YES;
				CLANG_ENABLE_OBJC_WEAK = YES;
				CLANG_WARN_BLOCK_CAPTURE_AUTORELEASING = YES;
				CLANG_WARN_BOOL_CONVERSION = YES;
				CLANG_WARN_COMMA = YES;
				CLANG_WARN_CONSTANT_CONVERSION = YES;
				CLANG_WARN_DEPRECATED_OBJC_IMPLEMENTATIONS = YES;
				CLANG_WARN_DIRECT_OBJC_ISA_USAGE = YES_ERROR;
				CLANG_WARN_DOCUMENTATION_COMMENTS = YES;
				CLANG_WARN_EMPTY_BODY = YES;
				CLANG_WARN_ENUM_CONVERSION = YES;
				CLANG_WARN_INFINITE_RECURSION = YES;
				CLANG_WARN_INT_CONVERSION = YES;
				CLANG_WARN_NON_LITERAL_NULL_CONVERSION = YES;
				CLANG_WARN_OBJC_IMPLICIT_RETAIN_SELF = YES;
				CLANG_WARN_OBJC_LITERAL_CONVERSION = YES;
				CLANG_WARN_OBJC_ROOT_CLASS = YES_ERROR;
				CLANG_WARN_RANGE_LOOP_ANALYSIS = YES;
				CLANG_WARN_STRICT_PROTOTYPES = YES;
				CLANG_WARN_SUSPICIOUS_MOVE = YES;
				CLANG_WARN_UNGUARDED_AVAILABILITY = YES_AGGRESSIVE;
				CLANG_WARN_UNREACHABLE_CODE = YES;
				CLANG_WARN__DUPLICATE_METHOD_MATCH = YES;
				COPY_PHASE_STRIP = NO;
				DEBUG_INFORMATION_FORMAT = dwarf;
				ENABLE_STRICT_OBJC_MSGSEND = YES;
				ENABLE_TESTABILITY = YES;
				GCC_C_LANGUAGE_STANDARD = gnu11;
				GCC_DYNAMIC_NO_PIC = NO;
				GCC_NO_COMMON_BLOCKS = YES;
				GCC_OPTIMIZATION_LEVEL = 0;
				GCC_PREPROCESSOR_DEFINITIONS = (
					"DEBUG=1",
					"$(inherited)",
				);
				GCC_WARN_64_TO_32_BIT_CONVERSION = YES;
				GCC_WARN_ABOUT_RETURN_TYPE = YES_ERROR;
				GCC_WARN_UNDECLARED_SELECTOR = YES;
				GCC_WARN_UNINITIALIZED_AUTOS = YES_AGGRESSIVE;
				GCC_WARN_UNUSED_FUNCTION = YES;
				GCC_WARN_UNUSED_VARIABLE = YES;
				IPHONEOS_DEPLOYMENT_TARGET = 13.2;
				MTL_ENABLE_DEBUG_INFO = INCLUDE_SOURCE;
				MTL_FAST_MATH = YES;
				ONLY_ACTIVE_ARCH = YES;
				SDKROOT = iphoneos;
				SWIFT_ACTIVE_COMPILATION_CONDITIONS = DEBUG;
				SWIFT_OPTIMIZATION_LEVEL = "-Onone";
			};
			name = Debug;
		};
		363DEE2E23FA36370053E756 /* Release */ = {
			isa = XCBuildConfiguration;
			buildSettings = {
				ALWAYS_SEARCH_USER_PATHS = NO;
				CLANG_ANALYZER_NONNULL = YES;
				CLANG_ANALYZER_NUMBER_OBJECT_CONVERSION = YES_AGGRESSIVE;
				CLANG_CXX_LANGUAGE_STANDARD = "gnu++14";
				CLANG_CXX_LIBRARY = "libc++";
				CLANG_ENABLE_MODULES = YES;
				CLANG_ENABLE_OBJC_ARC = YES;
				CLANG_ENABLE_OBJC_WEAK = YES;
				CLANG_WARN_BLOCK_CAPTURE_AUTORELEASING = YES;
				CLANG_WARN_BOOL_CONVERSION = YES;
				CLANG_WARN_COMMA = YES;
				CLANG_WARN_CONSTANT_CONVERSION = YES;
				CLANG_WARN_DEPRECATED_OBJC_IMPLEMENTATIONS = YES;
				CLANG_WARN_DIRECT_OBJC_ISA_USAGE = YES_ERROR;
				CLANG_WARN_DOCUMENTATION_COMMENTS = YES;
				CLANG_WARN_EMPTY_BODY = YES;
				CLANG_WARN_ENUM_CONVERSION = YES;
				CLANG_WARN_INFINITE_RECURSION = YES;
				CLANG_WARN_INT_CONVERSION = YES;
				CLANG_WARN_NON_LITERAL_NULL_CONVERSION = YES;
				CLANG_WARN_OBJC_IMPLICIT_RETAIN_SELF = YES;
				CLANG_WARN_OBJC_LITERAL_CONVERSION = YES;
				CLANG_WARN_OBJC_ROOT_CLASS = YES_ERROR;
				CLANG_WARN_RANGE_LOOP_ANALYSIS = YES;
				CLANG_WARN_STRICT_PROTOTYPES = YES;
				CLANG_WARN_SUSPICIOUS_MOVE = YES;
				CLANG_WARN_UNGUARDED_AVAILABILITY = YES_AGGRESSIVE;
				CLANG_WARN_UNREACHABLE_CODE = YES;
				CLANG_WARN__DUPLICATE_METHOD_MATCH = YES;
				COPY_PHASE_STRIP = NO;
				DEBUG_INFORMATION_FORMAT = "dwarf-with-dsym";
				ENABLE_NS_ASSERTIONS = NO;
				ENABLE_STRICT_OBJC_MSGSEND = YES;
				GCC_C_LANGUAGE_STANDARD = gnu11;
				GCC_NO_COMMON_BLOCKS = YES;
				GCC_WARN_64_TO_32_BIT_CONVERSION = YES;
				GCC_WARN_ABOUT_RETURN_TYPE = YES_ERROR;
				GCC_WARN_UNDECLARED_SELECTOR = YES;
				GCC_WARN_UNINITIALIZED_AUTOS = YES_AGGRESSIVE;
				GCC_WARN_UNUSED_FUNCTION = YES;
				GCC_WARN_UNUSED_VARIABLE = YES;
				IPHONEOS_DEPLOYMENT_TARGET = 13.2;
				MTL_ENABLE_DEBUG_INFO = NO;
				MTL_FAST_MATH = YES;
				SDKROOT = iphoneos;
				SWIFT_COMPILATION_MODE = wholemodule;
				SWIFT_OPTIMIZATION_LEVEL = "-O";
				VALIDATE_PRODUCT = YES;
			};
			name = Release;
		};
		363DEE3023FA36370053E756 /* Debug */ = {
			isa = XCBuildConfiguration;
			baseConfigurationReference = 85BB72DA8BDD1E5B6060864B /* Pods-vos_ios.debug.xcconfig */;
			buildSettings = {
				ASSETCATALOG_COMPILER_APPICON_NAME = AppIcon;
				CLANG_ENABLE_MODULES = YES;
				CODE_SIGN_STYLE = Automatic;
				FRAMEWORK_SEARCH_PATHS = (
					"$(inherited)",
					"$(PROJECT_DIR)/vos_ios",
					"$(PROJECT_DIR)",
				);
				INFOPLIST_FILE = vos_ios/Info.plist;
				LD_RUNPATH_SEARCH_PATHS = (
					"$(inherited)",
					"@executable_path/Frameworks",
				);
				PRODUCT_BUNDLE_IDENTIFIER = "weirme.vos-ios";
				PRODUCT_NAME = "$(TARGET_NAME)";
				SWIFT_OBJC_BRIDGING_HEADER = "vos_ios/vos_ios-Bridging-Header.h";
				SWIFT_OPTIMIZATION_LEVEL = "-Onone";
				SWIFT_VERSION = 5.0;
				TARGETED_DEVICE_FAMILY = "1,2";
			};
			name = Debug;
		};
		363DEE3123FA36370053E756 /* Release */ = {
			isa = XCBuildConfiguration;
			baseConfigurationReference = C9979904DB85D131CFFF4CA2 /* Pods-vos_ios.release.xcconfig */;
			buildSettings = {
				ASSETCATALOG_COMPILER_APPICON_NAME = AppIcon;
				CLANG_ENABLE_MODULES = YES;
				CODE_SIGN_STYLE = Automatic;
				FRAMEWORK_SEARCH_PATHS = (
					"$(inherited)",
					"$(PROJECT_DIR)/vos_ios",
					"$(PROJECT_DIR)",
				);
				INFOPLIST_FILE = vos_ios/Info.plist;
				LD_RUNPATH_SEARCH_PATHS = (
					"$(inherited)",
					"@executable_path/Frameworks",
				);
				PRODUCT_BUNDLE_IDENTIFIER = "weirme.vos-ios";
				PRODUCT_NAME = "$(TARGET_NAME)";
				SWIFT_OBJC_BRIDGING_HEADER = "vos_ios/vos_ios-Bridging-Header.h";
				SWIFT_VERSION = 5.0;
				TARGETED_DEVICE_FAMILY = "1,2";
			};
			name = Release;
		};
/* End XCBuildConfiguration section */

/* Begin XCConfigurationList section */
		363DEE1623FA36300053E756 /* Build configuration list for PBXProject "vos_ios" */ = {
			isa = XCConfigurationList;
			buildConfigurations = (
				363DEE2D23FA36370053E756 /* Debug */,
				363DEE2E23FA36370053E756 /* Release */,
			);
			defaultConfigurationIsVisible = 0;
			defaultConfigurationName = Release;
		};
		363DEE2F23FA36370053E756 /* Build configuration list for PBXNativeTarget "vos_ios" */ = {
			isa = XCConfigurationList;
			buildConfigurations = (
				363DEE3023FA36370053E756 /* Debug */,
				363DEE3123FA36370053E756 /* Release */,
			);
			defaultConfigurationIsVisible = 0;
			defaultConfigurationName = Release;
		};
/* End XCConfigurationList section */
	};
	rootObject = 363DEE1323FA36300053E756 /* Project object */;
}
